
Microsoft Visual Studio Solution File, Format Version 12.00
# Visual Studio Version 17
VisualStudioVersion = 17.9.34607.119
MinimumVisualStudioVersion = 10.0.40219.1
Project("{FAE04EC0-301F-11D3-BF4B-00C04F79EFBC}") = "Refugio", "Refugio\Refugio.csproj", "{56642708-9AEF-4D40-8F56-225C38721EF6}"
EndProject
Global
	GlobalSection(SolutionConfigurationPlatforms) = preSolution
		Debug|Any CPU = Debug|Any CPU
		Release|Any CPU = Release|Any CPU
	EndGlobalSection
	GlobalSection(ProjectConfigurationPlatforms) = postSolution
		{56642708-9AEF-4D40-8F56-225C38721EF6}.Debug|Any CPU.ActiveCfg = Debug|Any CPU
		{56642708-9AEF-4D40-8F56-225C38721EF6}.Debug|Any CPU.Build.0 = Debug|Any CPU
		{56642708-9AEF-4D40-8F56-225C38721EF6}.Release|Any CPU.ActiveCfg = Release|Any CPU
		{56642708-9AEF-4D40-8F56-225C38721EF6}.Release|Any CPU.Build.0 = Release|Any CPU
	EndGlobalSection
	GlobalSection(SolutionProperties) = preSolution
		HideSolutionNode = FALSE
	EndGlobalSection
	GlobalSection(ExtensibilityGlobals) = postSolution
		SolutionGuid = {9AAD9441-C4F1-426C-A7C1-22A7ABD0A933}
	EndGlobalSection
EndGlobal
